
Microsoft Visual Studio Solution File, Format Version 12.00
# Visual Studio Version 16
VisualStudioVersion = 16.0.30105.148
MinimumVisualStudioVersion = 10.0.40219.1
Project("{9A19103F-16F7-4668-BE54-9A1E7A4F7556}") = "CosmosGremlinORM", "src\CosmosGremlinORM\CosmosGremlinORM.csproj", "{712A5B9C-2130-4152-8565-1455DE73C438}"
EndProject
Project("{9A19103F-16F7-4668-BE54-9A1E7A4F7556}") = "CosmosGremlinORM.Sample", "sample\CosmosGremlinORM.Sample\CosmosGremlinORM.Sample.csproj", "{1A8B4EF3-7BF2-4DE9-AE3B-C6EAAF57C381}"
EndProject
Global
	GlobalSection(SolutionConfigurationPlatforms) = preSolution
		Debug|Any CPU = Debug|Any CPU
		Release|Any CPU = Release|Any CPU
	EndGlobalSection
	GlobalSection(ProjectConfigurationPlatforms) = postSolution
		{712A5B9C-2130-4152-8565-1455DE73C438}.Debug|Any CPU.ActiveCfg = Debug|Any CPU
		{712A5B9C-2130-4152-8565-1455DE73C438}.Debug|Any CPU.Build.0 = Debug|Any CPU
		{712A5B9C-2130-4152-8565-1455DE73C438}.Release|Any CPU.ActiveCfg = Release|Any CPU
		{712A5B9C-2130-4152-8565-1455DE73C438}.Release|Any CPU.Build.0 = Release|Any CPU
		{1A8B4EF3-7BF2-4DE9-AE3B-C6EAAF57C381}.Debug|Any CPU.ActiveCfg = Debug|Any CPU
		{1A8B4EF3-7BF2-4DE9-AE3B-C6EAAF57C381}.Debug|Any CPU.Build.0 = Debug|Any CPU
		{1A8B4EF3-7BF2-4DE9-AE3B-C6EAAF57C381}.Release|Any CPU.ActiveCfg = Release|Any CPU
		{1A8B4EF3-7BF2-4DE9-AE3B-C6EAAF57C381}.Release|Any CPU.Build.0 = Release|Any CPU
	EndGlobalSection
	GlobalSection(SolutionProperties) = preSolution
		HideSolutionNode = FALSE
	EndGlobalSection
	GlobalSection(ExtensibilityGlobals) = postSolution
		SolutionGuid = {2BC9F922-9EFA-4EE8-A9E5-9C7C5DF72D60}
	EndGlobalSection
EndGlobal
